
Microsoft Visual Studio Solution File, Format Version 12.00
# Visual Studio Version 16
VisualStudioVersion = 16.0.30907.101
MinimumVisualStudioVersion = 10.0.40219.1
Project("{FAE04EC0-301F-11D3-BF4B-00C04F79EFBC}") = "VacuumAgent", "VacuumAgent\VacuumAgent.csproj", "{EF652F32-5258-4B4C-9369-87305B3A0C19}"
EndProject
Global
	GlobalSection(SolutionConfigurationPlatforms) = preSolution
		Debug|Any CPU = Debug|Any CPU
		Release|Any CPU = Release|Any CPU
	EndGlobalSection
	GlobalSection(ProjectConfigurationPlatforms) = postSolution
		{EF652F32-5258-4B4C-9369-87305B3A0C19}.Debug|Any CPU.ActiveCfg = Debug|Any CPU
		{EF652F32-5258-4B4C-9369-87305B3A0C19}.Debug|Any CPU.Build.0 = Debug|Any CPU
		{EF652F32-5258-4B4C-9369-87305B3A0C19}.Release|Any CPU.ActiveCfg = Release|Any CPU
		{EF652F32-5258-4B4C-9369-87305B3A0C19}.Release|Any CPU.Build.0 = Release|Any CPU
	EndGlobalSection
	GlobalSection(SolutionProperties) = preSolution
		HideSolutionNode = FALSE
	EndGlobalSection
	GlobalSection(ExtensibilityGlobals) = postSolution
		SolutionGuid = {E5298BE8-81E8-4088-A5AF-EAA9E3EA092E}
	EndGlobalSection
EndGlobal
