
Microsoft Visual Studio Solution File, Format Version 12.00
# Visual Studio Version 16
VisualStudioVersion = 16.0.30907.101
MinimumVisualStudioVersion = 10.0.40219.1
Project("{FAE04EC0-301F-11D3-BF4B-00C04F79EFBC}") = "SudokuApp", "SudokuApp\SudokuApp.csproj", "{379AEC5B-762D-4F2F-9E2B-CD2DA2DE24D6}"
EndProject
Global
	GlobalSection(SolutionConfigurationPlatforms) = preSolution
		Debug|Any CPU = Debug|Any CPU
		Release|Any CPU = Release|Any CPU
	EndGlobalSection
	GlobalSection(ProjectConfigurationPlatforms) = postSolution
		{379AEC5B-762D-4F2F-9E2B-CD2DA2DE24D6}.Debug|Any CPU.ActiveCfg = Debug|Any CPU
		{379AEC5B-762D-4F2F-9E2B-CD2DA2DE24D6}.Debug|Any CPU.Build.0 = Debug|Any CPU
		{379AEC5B-762D-4F2F-9E2B-CD2DA2DE24D6}.Release|Any CPU.ActiveCfg = Release|Any CPU
		{379AEC5B-762D-4F2F-9E2B-CD2DA2DE24D6}.Release|Any CPU.Build.0 = Release|Any CPU
	EndGlobalSection
	GlobalSection(SolutionProperties) = preSolution
		HideSolutionNode = FALSE
	EndGlobalSection
	GlobalSection(ExtensibilityGlobals) = postSolution
		SolutionGuid = {A84C77C9-B249-41B4-9376-AD86B83B8903}
	EndGlobalSection
EndGlobal
